
Microsoft Visual Studio Solution File, Format Version 12.00
# Visual Studio Version 17
VisualStudioVersion = 17.2.32526.322
MinimumVisualStudioVersion = 10.0.40219.1
Project("{FAE04EC0-301F-11D3-BF4B-00C04F79EFBC}") = "ECommerce.Web", "ECommerce.Web\ECommerce.Web.csproj", "{1828B7F5-FD4B-481B-A4E6-9DB367F1E5D2}"
EndProject
Project("{FAE04EC0-301F-11D3-BF4B-00C04F79EFBC}") = "ECommerce.Model", "ECommerce.Model\ECommerce.Model.csproj", "{B78C641E-0B22-44C8-87EE-C1572505206D}"
EndProject
Project("{FAE04EC0-301F-11D3-BF4B-00C04F79EFBC}") = "ECommerce.Services", "ECommerce.Services\ECommerce.Services.csproj", "{D7A0917E-C43E-41FC-A1ED-98FC275D0FCD}"
EndProject
Project("{FAE04EC0-301F-11D3-BF4B-00C04F79EFBC}") = "ECommerce.Data", "ECommerce.Data\ECommerce.Data.csproj", "{51E353FA-292E-4027-A367-F2CCB754C857}"
EndProject
Global
	GlobalSection(SolutionConfigurationPlatforms) = preSolution
		Debug|Any CPU = Debug|Any CPU
		Release|Any CPU = Release|Any CPU
	EndGlobalSection
	GlobalSection(ProjectConfigurationPlatforms) = postSolution
		{1828B7F5-FD4B-481B-A4E6-9DB367F1E5D2}.Debug|Any CPU.ActiveCfg = Debug|Any CPU
		{1828B7F5-FD4B-481B-A4E6-9DB367F1E5D2}.Debug|Any CPU.Build.0 = Debug|Any CPU
		{1828B7F5-FD4B-481B-A4E6-9DB367F1E5D2}.Release|Any CPU.ActiveCfg = Release|Any CPU
		{1828B7F5-FD4B-481B-A4E6-9DB367F1E5D2}.Release|Any CPU.Build.0 = Release|Any CPU
		{B78C641E-0B22-44C8-87EE-C1572505206D}.Debug|Any CPU.ActiveCfg = Debug|Any CPU
		{B78C641E-0B22-44C8-87EE-C1572505206D}.Debug|Any CPU.Build.0 = Debug|Any CPU
		{B78C641E-0B22-44C8-87EE-C1572505206D}.Release|Any CPU.ActiveCfg = Release|Any CPU
		{B78C641E-0B22-44C8-87EE-C1572505206D}.Release|Any CPU.Build.0 = Release|Any CPU
		{D7A0917E-C43E-41FC-A1ED-98FC275D0FCD}.Debug|Any CPU.ActiveCfg = Debug|Any CPU
		{D7A0917E-C43E-41FC-A1ED-98FC275D0FCD}.Debug|Any CPU.Build.0 = Debug|Any CPU
		{D7A0917E-C43E-41FC-A1ED-98FC275D0FCD}.Release|Any CPU.ActiveCfg = Release|Any CPU
		{D7A0917E-C43E-41FC-A1ED-98FC275D0FCD}.Release|Any CPU.Build.0 = Release|Any CPU
		{51E353FA-292E-4027-A367-F2CCB754C857}.Debug|Any CPU.ActiveCfg = Debug|Any CPU
		{51E353FA-292E-4027-A367-F2CCB754C857}.Debug|Any CPU.Build.0 = Debug|Any CPU
		{51E353FA-292E-4027-A367-F2CCB754C857}.Release|Any CPU.ActiveCfg = Release|Any CPU
		{51E353FA-292E-4027-A367-F2CCB754C857}.Release|Any CPU.Build.0 = Release|Any CPU
	EndGlobalSection
	GlobalSection(SolutionProperties) = preSolution
		HideSolutionNode = FALSE
	EndGlobalSection
	GlobalSection(ExtensibilityGlobals) = postSolution
		SolutionGuid = {6735103A-83E8-484F-8955-B0A6C5EFF5E0}
	EndGlobalSection
EndGlobal
